
Microsoft Visual Studio Solution File, Format Version 12.00
# Visual Studio 15
VisualStudioVersion = 15.0.26430.14
MinimumVisualStudioVersion = 10.0.40219.1
Project("{FAE04EC0-301F-11D3-BF4B-00C04F79EFBC}") = "somReporter", "somReporter\somReporter.csproj", "{AB628C89-8143-4CF8-ABD7-CE34DE707640}"
EndProject
Project("{FAE04EC0-301F-11D3-BF4B-00C04F79EFBC}") = "tests", "tests\tests.csproj", "{F89E3348-A5A3-4918-96B4-4408BBB2B3EC}"
EndProject
Project("{2150E333-8FDC-42A3-9474-1A3956D46DE8}") = "Solution Items", "Solution Items", "{61CDD412-5C61-49CE-852C-E915CE25746C}"
	ProjectSection(SolutionItems) = preProject
		README.md = README.md
	EndProjectSection
EndProject
Project("{FAE04EC0-301F-11D3-BF4B-00C04F79EFBC}") = "somReportUtils", "..\somReportUtils\somReportUtils\somReportUtils.csproj", "{910BB531-1F6D-437E-9D4B-31C78E1AD771}"
EndProject
Project("{FAE04EC0-301F-11D3-BF4B-00C04F79EFBC}") = "LIneupUsageEstimator", "..\LIneupUsageEstimator\LIneupUsageEstimator.csproj", "{F0417F15-67C0-4609-AB76-FD8D551CBFF5}"
EndProject
Project("{2150E333-8FDC-42A3-9474-1A3956D46DE8}") = "screenshots", "screenshots", "{8C942BFE-888B-477D-9ABB-BF43ABD62F3C}"
EndProject
Global
	GlobalSection(SolutionConfigurationPlatforms) = preSolution
		Debug|Any CPU = Debug|Any CPU
		Release|Any CPU = Release|Any CPU
	EndGlobalSection
	GlobalSection(ProjectConfigurationPlatforms) = postSolution
		{AB628C89-8143-4CF8-ABD7-CE34DE707640}.Debug|Any CPU.ActiveCfg = Debug|Any CPU
		{AB628C89-8143-4CF8-ABD7-CE34DE707640}.Debug|Any CPU.Build.0 = Debug|Any CPU
		{AB628C89-8143-4CF8-ABD7-CE34DE707640}.Release|Any CPU.ActiveCfg = Release|Any CPU
		{AB628C89-8143-4CF8-ABD7-CE34DE707640}.Release|Any CPU.Build.0 = Release|Any CPU
		{F89E3348-A5A3-4918-96B4-4408BBB2B3EC}.Debug|Any CPU.ActiveCfg = Debug|Any CPU
		{F89E3348-A5A3-4918-96B4-4408BBB2B3EC}.Debug|Any CPU.Build.0 = Debug|Any CPU
		{F89E3348-A5A3-4918-96B4-4408BBB2B3EC}.Release|Any CPU.ActiveCfg = Release|Any CPU
		{F89E3348-A5A3-4918-96B4-4408BBB2B3EC}.Release|Any CPU.Build.0 = Release|Any CPU
		{910BB531-1F6D-437E-9D4B-31C78E1AD771}.Debug|Any CPU.ActiveCfg = Debug|Any CPU
		{910BB531-1F6D-437E-9D4B-31C78E1AD771}.Debug|Any CPU.Build.0 = Debug|Any CPU
		{910BB531-1F6D-437E-9D4B-31C78E1AD771}.Release|Any CPU.ActiveCfg = Release|Any CPU
		{910BB531-1F6D-437E-9D4B-31C78E1AD771}.Release|Any CPU.Build.0 = Release|Any CPU
		{F0417F15-67C0-4609-AB76-FD8D551CBFF5}.Debug|Any CPU.ActiveCfg = Debug|Any CPU
		{F0417F15-67C0-4609-AB76-FD8D551CBFF5}.Debug|Any CPU.Build.0 = Debug|Any CPU
		{F0417F15-67C0-4609-AB76-FD8D551CBFF5}.Release|Any CPU.ActiveCfg = Release|Any CPU
		{F0417F15-67C0-4609-AB76-FD8D551CBFF5}.Release|Any CPU.Build.0 = Release|Any CPU
	EndGlobalSection
	GlobalSection(SolutionProperties) = preSolution
		HideSolutionNode = FALSE
	EndGlobalSection
	GlobalSection(NestedProjects) = preSolution
		{8C942BFE-888B-477D-9ABB-BF43ABD62F3C} = {61CDD412-5C61-49CE-852C-E915CE25746C}
	EndGlobalSection
	GlobalSection(ExtensibilityGlobals) = postSolution
		SolutionGuid = {4003EDFC-A105-495A-A95D-ED6457E99A35}
		EnterpriseLibraryConfigurationToolBinariesPathV6 = packages\EnterpriseLibrary.TransientFaultHandling.6.0.1304.0\lib\portable-net45+win+wp8;packages\EnterpriseLibrary.TransientFaultHandling.Data.6.0.1304.1\lib\NET45
	EndGlobalSection
EndGlobal
